
Microsoft Visual Studio Solution File, Format Version 12.00
# Visual Studio 15
VisualStudioVersion = 15.0.27004.2008
MinimumVisualStudioVersion = 10.0.40219.1
Project("{FAE04EC0-301F-11D3-BF4B-00C04F79EFBC}") = "Expenses", "Expenses\Expenses.csproj", "{293AE457-B7FC-4BE0-BF7C-2CDE0B9B7A22}"
EndProject
Global
	GlobalSection(SolutionConfigurationPlatforms) = preSolution
		Debug|Any CPU = Debug|Any CPU
		Release|Any CPU = Release|Any CPU
	EndGlobalSection
	GlobalSection(ProjectConfigurationPlatforms) = postSolution
		{293AE457-B7FC-4BE0-BF7C-2CDE0B9B7A22}.Debug|Any CPU.ActiveCfg = Debug|Any CPU
		{293AE457-B7FC-4BE0-BF7C-2CDE0B9B7A22}.Debug|Any CPU.Build.0 = Debug|Any CPU
		{293AE457-B7FC-4BE0-BF7C-2CDE0B9B7A22}.Release|Any CPU.ActiveCfg = Release|Any CPU
		{293AE457-B7FC-4BE0-BF7C-2CDE0B9B7A22}.Release|Any CPU.Build.0 = Release|Any CPU
	EndGlobalSection
	GlobalSection(SolutionProperties) = preSolution
		HideSolutionNode = FALSE
	EndGlobalSection
	GlobalSection(ExtensibilityGlobals) = postSolution
		SolutionGuid = {0A9B177B-3226-4364-825C-0C340C98D5C4}
	EndGlobalSection
EndGlobal
